<?xml version="1.0" encoding="utf-8"?>
<Project ToolsVersion="4.0" xmlns="http://schemas.microsoft.com/developer/msbuild/2003">
  <ItemGroup>
    <Filter Include="sources">
      <UniqueIdentifier>{4FC737F1-C7A5-4376-A066-2A32D752A2FF}</UniqueIdentifier>
      <Extensions>cpp;c;cc;cxx;c++;cppm;ixx;def;odl;idl;hpj;bat;asm;asmx</Extensions>
    </Filter>
    <Filter Include="include">
      <UniqueIdentifier>{93995380-89BD-4b04-88EB-625FBE52EBFB}</UniqueIdentifier>
      <Extensions>h;hh;hpp;hxx;h++;hm;inl;inc;ipp;xsd</Extensions>
    </Filter>
  </ItemGroup>
  <ItemGroup>
    <None Include="..\include\log\example.log.config.ini">
      <Filter>include</Filter>
    </None>
  </ItemGroup>
  <ItemGroup>
    <ClCompile Include="log\logger.cpp">
      <Filter>sources</Filter>
    </ClCompile>
    <ClCompile Include="log\logger_config.cpp">
      <Filter>sources</Filter>
    </ClCompile>
    <ClCompile Include="log\ini.cpp">
      <Filter>sources</Filter>
    </ClCompile>
    <ClCompile Include="log\util.cpp">
      <Filter>sources</Filter>
    </ClCompile>
  </ItemGroup>
  <ItemGroup>
    <ClInclude Include="log\ini.h">
      <Filter>sources</Filter>
    </ClInclude>
    <ClInclude Include="log\util.h">
      <Filter>sources</Filter>
    </ClInclude>
    <ClInclude Include="..\include\log\logger.h">
      <Filter>include</Filter>
    </ClInclude>
    <ClInclude Include="..\include\log\logger_config.h">
      <Filter>include</Filter>
    </ClInclude>
    <ClInclude Include="..\include\log\simple_console_logger.h">
      <Filter>include</Filter>
    </ClInclude>
  </ItemGroup>
</Project>